<?xml version="1.0" encoding="utf-8"?>
<Project ToolsVersion="4.0" xmlns="http://schemas.microsoft.com/developer/msbuild/2003">
  <ItemGroup>
    <Filter Include="Source Files">
      <UniqueIdentifier>{4FC737F1-C7A5-4376-A066-2A32D752A2FF}</UniqueIdentifier>
      <Extensions>cpp;c;cc;cxx;def;odl;idl;hpj;bat;asm;asmx</Extensions>
    </Filter>
    <Filter Include="Header Files">
      <UniqueIdentifier>{93995380-89BD-4b04-88EB-625FBE52EBFB}</UniqueIdentifier>
      <Extensions>h;hpp;hxx;hm;inl;inc;xsd</Extensions>
    </Filter>
    <Filter Include="Resource Files">
      <UniqueIdentifier>{67DA6AB6-F800-4c08-8B7A-83BB121AAD01}</UniqueIdentifier>
      <Extensions>rc;ico;cur;bmp;dlg;rc2;rct;bin;rgs;gif;jpg;jpeg;jpe;resx;tiff;tif;png;wav;mfcribbon-ms</Extensions>
    </Filter>
  </ItemGroup>
  <ItemGroup>
    <None Include="ReadMe.txt" />
  </ItemGroup>
  <ItemGroup>
    <ClCompile Include="..\..\\..\src\agg\agg_arc.cpp">
      <Filter>Source Files</Filter>
    </ClCompile>
    <ClCompile Include="..\..\\..\src\agg\agg_arrowhead.cpp">
      <Filter>Source Files</Filter>
    </ClCompile>
    <ClCompile Include="..\..\\..\src\agg\agg_bezier_arc.cpp">
      <Filter>Source Files</Filter>
    </ClCompile>
    <ClCompile Include="..\..\\..\src\agg\agg_bspline.cpp">
      <Filter>Source Files</Filter>
    </ClCompile>
    <ClCompile Include="..\..\\..\src\agg\agg_curves.cpp">
      <Filter>Source Files</Filter>
    </ClCompile>
    <ClCompile Include="..\..\\..\src\agg\agg_font_win32_tt.cpp">
      <Filter>Source Files</Filter>
    </ClCompile>
    <ClCompile Include="..\..\\..\src\agg\agg_graphics.cpp">
      <Filter>Source Files</Filter>
    </ClCompile>
    <ClCompile Include="..\..\\..\src\agg\agg_image_filters.cpp">
      <Filter>Source Files</Filter>
    </ClCompile>
    <ClCompile Include="..\..\\..\src\agg\agg_line_aa_basics.cpp">
      <Filter>Source Files</Filter>
    </ClCompile>
    <ClCompile Include="..\..\\..\src\agg\agg_path_storage.cpp">
      <Filter>Source Files</Filter>
    </ClCompile>
    <ClCompile Include="..\..\\..\src\agg\agg_rasterizer_scanline_aa.cpp">
      <Filter>Source Files</Filter>
    </ClCompile>
    <ClCompile Include="..\..\\..\src\agg\agg_rounded_rect.cpp">
      <Filter>Source Files</Filter>
    </ClCompile>
    <ClCompile Include="..\..\\..\src\agg\agg_sqrt_tables.cpp">
      <Filter>Source Files</Filter>
    </ClCompile>
    <ClCompile Include="..\..\\..\src\agg\agg_trans_affine.cpp">
      <Filter>Source Files</Filter>
    </ClCompile>
    <ClCompile Include="..\..\\..\src\agg\agg_trans_single_path.cpp">
      <Filter>Source Files</Filter>
    </ClCompile>
    <ClCompile Include="..\..\\..\src\agg\agg_truetype_text.cpp">
      <Filter>Source Files</Filter>
    </ClCompile>
    <ClCompile Include="..\..\\..\src\agg\agg_vcgen_bspline.cpp">
      <Filter>Source Files</Filter>
    </ClCompile>
    <ClCompile Include="..\..\\..\src\agg\agg_vcgen_contour.cpp">
      <Filter>Source Files</Filter>
    </ClCompile>
    <ClCompile Include="..\..\\..\src\agg\agg_vcgen_dash.cpp">
      <Filter>Source Files</Filter>
    </ClCompile>
    <ClCompile Include="..\..\\..\src\agg\agg_vcgen_markers_term.cpp">
      <Filter>Source Files</Filter>
    </ClCompile>
    <ClCompile Include="..\..\\..\src\agg\agg_vcgen_smooth_poly1.cpp">
      <Filter>Source Files</Filter>
    </ClCompile>
    <ClCompile Include="..\..\\..\src\agg\agg_vcgen_stroke.cpp">
      <Filter>Source Files</Filter>
    </ClCompile>
    <ClCompile Include="..\..\\..\src\agg\agg_vpgen_segmentator.cpp">
      <Filter>Source Files</Filter>
    </ClCompile>
    <ClCompile Include="..\..\\..\src\codecs\aes\aes.c">
      <Filter>Source Files</Filter>
    </ClCompile>
    <ClCompile Include="..\..\\..\src\codecs\bigint\bigint.c">
      <Filter>Source Files</Filter>
    </ClCompile>
    <ClCompile Include="..\..\\..\src\codecs\dh\dh.c">
      <Filter>Source Files</Filter>
    </ClCompile>
    <ClCompile Include="..\..\\..\src\codecs\png\lodepng.c">
      <Filter>Source Files</Filter>
    </ClCompile>
    <ClCompile Include="..\..\\..\src\codecs\rc4\rc4.c">
      <Filter>Source Files</Filter>
    </ClCompile>
    <ClCompile Include="..\..\\..\src\codecs\rsa\rsa.c">
      <Filter>Source Files</Filter>
    </ClCompile>
    <ClCompile Include="..\..\\..\src\core\a-constants.c">
      <Filter>Source Files</Filter>
    </ClCompile>
    <ClCompile Include="..\..\\..\src\core\a-globals.c">
      <Filter>Source Files</Filter>
    </ClCompile>
    <ClCompile Include="..\..\\..\src\core\a-lib.c">
      <Filter>Source Files</Filter>
    </ClCompile>
    <ClCompile Include="..\..\\..\src\core\a-stubs.c">
      <Filter>Source Files</Filter>
    </ClCompile>
    <ClCompile Include="..\..\\..\src\core\b-boot.c">
      <Filter>Source Files</Filter>
    </ClCompile>
    <ClCompile Include="..\..\\..\src\core\b-init.c">
      <Filter>Source Files</Filter>
    </ClCompile>
    <ClCompile Include="..\..\\..\src\core\c-do.c">
      <Filter>Source Files</Filter>
    </ClCompile>
    <ClCompile Include="..\..\\..\src\core\c-error.c">
      <Filter>Source Files</Filter>
    </ClCompile>
    <ClCompile Include="..\..\\..\src\core\c-frame.c">
      <Filter>Source Files</Filter>
    </ClCompile>
    <ClCompile Include="..\..\\..\src\core\c-function.c">
      <Filter>Source Files</Filter>
    </ClCompile>
    <ClCompile Include="..\..\\..\src\core\c-port.c">
      <Filter>Source Files</Filter>
    </ClCompile>
    <ClCompile Include="..\..\\..\src\core\c-task.c">
      <Filter>Source Files</Filter>
    </ClCompile>
    <ClCompile Include="..\..\\..\src\core\c-word.c">
      <Filter>Source Files</Filter>
    </ClCompile>
    <ClCompile Include="..\..\\..\src\core\d-crash.c">
      <Filter>Source Files</Filter>
    </ClCompile>
    <ClCompile Include="..\..\\..\src\core\d-dump.c">
      <Filter>Source Files</Filter>
    </ClCompile>
    <ClCompile Include="..\..\\..\src\core\d-print.c">
      <Filter>Source Files</Filter>
    </ClCompile>
    <ClCompile Include="..\..\\..\src\core\f-blocks.c">
      <Filter>Source Files</Filter>
    </ClCompile>
    <ClCompile Include="..\..\\..\src\core\f-deci.c">
      <Filter>Source Files</Filter>
    </ClCompile>
    <ClCompile Include="..\..\\..\src\core\f-dtoa.c">
      <Filter>Source Files</Filter>
    </ClCompile>
    <ClCompile Include="..\..\\..\src\core\f-enbase.c">
      <Filter>Source Files</Filter>
    </ClCompile>
    <ClCompile Include="..\..\\..\src\core\f-extension.c">
      <Filter>Source Files</Filter>
    </ClCompile>
    <ClCompile Include="..\..\\..\src\core\f-int.c">
      <Filter>Source Files</Filter>
    </ClCompile>
    <ClCompile Include="..\..\\..\src\core\f-math.c">
      <Filter>Source Files</Filter>
    </ClCompile>
    <ClCompile Include="..\..\\..\src\core\f-modify.c">
      <Filter>Source Files</Filter>
    </ClCompile>
    <ClCompile Include="..\..\\..\src\core\f-random.c">
      <Filter>Source Files</Filter>
    </ClCompile>
    <ClCompile Include="..\..\\..\src\core\f-round.c">
      <Filter>Source Files</Filter>
    </ClCompile>
    <ClCompile Include="..\..\\..\src\core\f-series.c">
      <Filter>Source Files</Filter>
    </ClCompile>
    <ClCompile Include="..\..\\..\src\core\f-stubs.c">
      <Filter>Source Files</Filter>
    </ClCompile>
    <ClCompile Include="..\..\\..\src\core\l-scan.c">
      <Filter>Source Files</Filter>
    </ClCompile>
    <ClCompile Include="..\..\\..\src\core\l-types.c">
      <Filter>Source Files</Filter>
    </ClCompile>
    <ClCompile Include="..\..\\..\src\core\m-gc.c">
      <Filter>Source Files</Filter>
    </ClCompile>
    <ClCompile Include="..\..\\..\src\core\m-pools.c">
      <Filter>Source Files</Filter>
    </ClCompile>
    <ClCompile Include="..\..\\..\src\core\m-series.c">
      <Filter>Source Files</Filter>
    </ClCompile>
    <ClCompile Include="..\..\\..\src\core\n-control.c">
      <Filter>Source Files</Filter>
    </ClCompile>
    <ClCompile Include="..\..\\..\src\core\n-data.c">
      <Filter>Source Files</Filter>
    </ClCompile>
    <ClCompile Include="..\..\\..\src\core\n-graphics.c">
      <Filter>Source Files</Filter>
    </ClCompile>
    <ClCompile Include="..\..\\..\src\core\n-io.c">
      <Filter>Source Files</Filter>
    </ClCompile>
    <ClCompile Include="..\..\\..\src\core\n-loop.c">
      <Filter>Source Files</Filter>
    </ClCompile>
    <ClCompile Include="..\..\\..\src\core\n-math.c">
      <Filter>Source Files</Filter>
    </ClCompile>
    <ClCompile Include="..\..\\..\src\core\n-sets.c">
      <Filter>Source Files</Filter>
    </ClCompile>
    <ClCompile Include="..\..\\..\src\core\n-strings.c">
      <Filter>Source Files</Filter>
    </ClCompile>
    <ClCompile Include="..\..\\..\src\core\n-system.c">
      <Filter>Source Files</Filter>
    </ClCompile>
    <ClCompile Include="..\..\\..\src\core\p-clipboard.c">
      <Filter>Source Files</Filter>
    </ClCompile>
    <ClCompile Include="..\..\\..\src\core\p-console.c">
      <Filter>Source Files</Filter>
    </ClCompile>
    <ClCompile Include="..\..\\..\src\core\p-dir.c">
      <Filter>Source Files</Filter>
    </ClCompile>
    <ClCompile Include="..\..\\..\src\core\p-dns.c">
      <Filter>Source Files</Filter>
    </ClCompile>
    <ClCompile Include="..\..\\..\src\core\p-event.c">
      <Filter>Source Files</Filter>
    </ClCompile>
    <ClCompile Include="..\..\\..\src\core\p-file.c">
      <Filter>Source Files</Filter>
    </ClCompile>
    <ClCompile Include="..\..\\..\src\core\p-net.c">
      <Filter>Source Files</Filter>
    </ClCompile>
    <ClCompile Include="..\..\\..\src\core\p-serial.c">
      <Filter>Source Files</Filter>
    </ClCompile>
    <ClCompile Include="..\..\\..\src\core\s-cases.c">
      <Filter>Source Files</Filter>
    </ClCompile>
    <ClCompile Include="..\..\\..\src\core\s-crc.c">
      <Filter>Source Files</Filter>
    </ClCompile>
    <ClCompile Include="..\..\\..\src\core\s-file.c">
      <Filter>Source Files</Filter>
    </ClCompile>
    <ClCompile Include="..\..\\..\src\core\s-find.c">
      <Filter>Source Files</Filter>
    </ClCompile>
    <ClCompile Include="..\..\\..\src\core\s-make.c">
      <Filter>Source Files</Filter>
    </ClCompile>
    <ClCompile Include="..\..\\..\src\core\s-mold.c">
      <Filter>Source Files</Filter>
    </ClCompile>
    <ClCompile Include="..\..\\..\src\core\s-ops.c">
      <Filter>Source Files</Filter>
    </ClCompile>
    <ClCompile Include="..\..\\..\src\core\s-trim.c">
      <Filter>Source Files</Filter>
    </ClCompile>
    <ClCompile Include="..\..\\..\src\core\s-unicode.c">
      <Filter>Source Files</Filter>
    </ClCompile>
    <ClCompile Include="..\..\\..\src\core\t-bitset.c">
      <Filter>Source Files</Filter>
    </ClCompile>
    <ClCompile Include="..\..\\..\src\core\t-block.c">
      <Filter>Source Files</Filter>
    </ClCompile>
    <ClCompile Include="..\..\\..\src\core\t-char.c">
      <Filter>Source Files</Filter>
    </ClCompile>
    <ClCompile Include="..\..\\..\src\core\t-datatype.c">
      <Filter>Source Files</Filter>
    </ClCompile>
    <ClCompile Include="..\..\\..\src\core\t-date.c">
      <Filter>Source Files</Filter>
    </ClCompile>
    <ClCompile Include="..\..\\..\src\core\t-decimal.c">
      <Filter>Source Files</Filter>
    </ClCompile>
    <ClCompile Include="..\..\\..\src\core\t-event.c">
      <Filter>Source Files</Filter>
    </ClCompile>
    <ClCompile Include="..\..\\..\src\core\t-function.c">
      <Filter>Source Files</Filter>
    </ClCompile>
    <ClCompile Include="..\..\\..\src\core\t-gob.c">
      <Filter>Source Files</Filter>
    </ClCompile>
    <ClCompile Include="..\..\\..\src\core\t-image.c">
      <Filter>Source Files</Filter>
    </ClCompile>
    <ClCompile Include="..\..\\..\src\core\t-integer.c">
      <Filter>Source Files</Filter>
    </ClCompile>
    <ClCompile Include="..\..\\..\src\core\t-library.c">
      <Filter>Source Files</Filter>
    </ClCompile>
    <ClCompile Include="..\..\\..\src\core\t-logic.c">
      <Filter>Source Files</Filter>
    </ClCompile>
    <ClCompile Include="..\..\\..\src\core\t-map.c">
      <Filter>Source Files</Filter>
    </ClCompile>
    <ClCompile Include="..\..\\..\src\core\t-money.c">
      <Filter>Source Files</Filter>
    </ClCompile>
    <ClCompile Include="..\..\\..\src\core\t-none.c">
      <Filter>Source Files</Filter>
    </ClCompile>
    <ClCompile Include="..\..\\..\src\core\t-object.c">
      <Filter>Source Files</Filter>
    </ClCompile>
    <ClCompile Include="..\..\\..\src\core\t-pair.c">
      <Filter>Source Files</Filter>
    </ClCompile>
    <ClCompile Include="..\..\\..\src\core\t-port.c">
      <Filter>Source Files</Filter>
    </ClCompile>
    <ClCompile Include="..\..\\..\src\core\t-routine.c">
      <Filter>Source Files</Filter>
    </ClCompile>
    <ClCompile Include="..\..\\..\src\core\t-string.c">
      <Filter>Source Files</Filter>
    </ClCompile>
    <ClCompile Include="..\..\\..\src\core\t-struct.c">
      <Filter>Source Files</Filter>
    </ClCompile>
    <ClCompile Include="..\..\\..\src\core\t-time.c">
      <Filter>Source Files</Filter>
    </ClCompile>
    <ClCompile Include="..\..\\..\src\core\t-tuple.c">
      <Filter>Source Files</Filter>
    </ClCompile>
    <ClCompile Include="..\..\\..\src\core\t-typeset.c">
      <Filter>Source Files</Filter>
    </ClCompile>
    <ClCompile Include="..\..\\..\src\core\t-utype.c">
      <Filter>Source Files</Filter>
    </ClCompile>
    <ClCompile Include="..\..\\..\src\core\t-vector.c">
      <Filter>Source Files</Filter>
    </ClCompile>
    <ClCompile Include="..\..\\..\src\core\t-word.c">
      <Filter>Source Files</Filter>
    </ClCompile>
    <ClCompile Include="..\..\\..\src\core\u-bmp.c">
      <Filter>Source Files</Filter>
    </ClCompile>
    <ClCompile Include="..\..\\..\src\core\u-compress.c">
      <Filter>Source Files</Filter>
    </ClCompile>
    <ClCompile Include="..\..\\..\src\core\u-dialect.c">
      <Filter>Source Files</Filter>
    </ClCompile>
    <ClCompile Include="..\..\\..\src\core\u-gif.c">
      <Filter>Source Files</Filter>
    </ClCompile>
    <ClCompile Include="..\..\\..\src\core\u-jpg.c">
      <Filter>Source Files</Filter>
    </ClCompile>
    <ClCompile Include="..\..\\..\src\core\u-md5.c">
      <Filter>Source Files</Filter>
    </ClCompile>
    <ClCompile Include="..\..\\..\src\core\u-parse.c">
      <Filter>Source Files</Filter>
    </ClCompile>
    <ClCompile Include="..\..\\..\src\core\u-png.c">
      <Filter>Source Files</Filter>
    </ClCompile>
    <ClCompile Include="..\..\\..\src\core\u-sha1.c">
      <Filter>Source Files</Filter>
    </ClCompile>
    <ClCompile Include="..\..\\..\src\core\u-zlib.c">
      <Filter>Source Files</Filter>
    </ClCompile>
    <ClCompile Include="..\..\\..\src\os\dev-dns.c">
      <Filter>Source Files</Filter>
    </ClCompile>
    <ClCompile Include="..\..\\..\src\os\dev-net.c">
      <Filter>Source Files</Filter>
    </ClCompile>
    <ClCompile Include="..\..\\..\src\os\host-args.c">
      <Filter>Source Files</Filter>
    </ClCompile>
    <ClCompile Include="..\..\\..\src\os\host-core.c">
      <Filter>Source Files</Filter>
    </ClCompile>
    <ClCompile Include="..\..\\..\src\os\host-device.c">
      <Filter>Source Files</Filter>
    </ClCompile>
    <ClCompile Include="..\..\\..\src\os\host-draw-api-agg.cpp">
      <Filter>Source Files</Filter>
    </ClCompile>
    <ClCompile Include="..\..\\..\src\os\host-draw.c">
      <Filter>Source Files</Filter>
    </ClCompile>
    <ClCompile Include="..\..\\..\src\os\host-ext-test.c">
      <Filter>Source Files</Filter>
    </ClCompile>
    <ClCompile Include="..\..\\..\src\os\host-main.c">
      <Filter>Source Files</Filter>
    </ClCompile>
    <ClCompile Include="..\..\\..\src\os\host-stdio.c">
      <Filter>Source Files</Filter>
    </ClCompile>
    <ClCompile Include="..\..\\..\src\os\host-text-api-agg.cpp">
      <Filter>Source Files</Filter>
    </ClCompile>
    <ClCompile Include="..\..\\..\src\os\host-text.c">
      <Filter>Source Files</Filter>
    </ClCompile>
    <ClCompile Include="..\..\\..\src\os\host-view.c">
      <Filter>Source Files</Filter>
    </ClCompile>
    <ClCompile Include="..\..\\..\src\os\win32\dev-clipboard.c">
      <Filter>Source Files</Filter>
    </ClCompile>
    <ClCompile Include="..\..\\..\src\os\win32\dev-event.c">
      <Filter>Source Files</Filter>
    </ClCompile>
    <ClCompile Include="..\..\\..\src\os\win32\dev-file.c">
      <Filter>Source Files</Filter>
    </ClCompile>
    <ClCompile Include="..\..\\..\src\os\win32\dev-serial.c">
      <Filter>Source Files</Filter>
    </ClCompile>
    <ClCompile Include="..\..\\..\src\os\win32\dev-stdio.c">
      <Filter>Source Files</Filter>
    </ClCompile>
    <ClCompile Include="..\..\\..\src\os\win32\host-compositor-gdi.c">
      <Filter>Source Files</Filter>
    </ClCompile>
    <ClCompile Include="..\..\\..\src\os\win32\host-event.c">
      <Filter>Source Files</Filter>
    </ClCompile>
    <ClCompile Include="..\..\\..\src\os\win32\host-graphics.c">
      <Filter>Source Files</Filter>
    </ClCompile>
    <ClCompile Include="..\..\\..\src\os\win32\host-lib.c">
      <Filter>Source Files</Filter>
    </ClCompile>
    <ClCompile Include="..\..\\..\src\os\win32\host-window.c">
      <Filter>Source Files</Filter>
    </ClCompile>
  </ItemGroup>
  <ItemGroup>
    <ClInclude Include="..\..\\..\src\codecs\aes\aes.h">
      <Filter>Header Files</Filter>
    </ClInclude>
    <ClInclude Include="..\..\\..\src\codecs\bigint\bigint.h">
      <Filter>Header Files</Filter>
    </ClInclude>
    <ClInclude Include="..\..\\..\src\codecs\bigint\bigint_config.h">
      <Filter>Header Files</Filter>
    </ClInclude>
    <ClInclude Include="..\..\\..\src\codecs\bigint\bigint_impl.h">
      <Filter>Header Files</Filter>
    </ClInclude>
    <ClInclude Include="..\..\\..\src\codecs\dh\dh.h">
      <Filter>Header Files</Filter>
    </ClInclude>
    <ClInclude Include="..\..\\..\src\codecs\png\lodepng.h">
      <Filter>Header Files</Filter>
    </ClInclude>
    <ClInclude Include="..\..\\..\src\codecs\rc4\rc4.h">
      <Filter>Header Files</Filter>
    </ClInclude>
    <ClInclude Include="..\..\\..\src\codecs\rsa\rsa.h">
      <Filter>Header Files</Filter>
    </ClInclude>
    <ClInclude Include="..\..\\..\src\include\ext-types.h">
      <Filter>Header Files</Filter>
    </ClInclude>
    <ClInclude Include="..\..\\..\src\include\host-compositor.h">
      <Filter>Header Files</Filter>
    </ClInclude>
    <ClInclude Include="..\..\\..\src\include\host-draw-api.h">
      <Filter>Header Files</Filter>
    </ClInclude>
    <ClInclude Include="..\..\\..\src\include\host-ext-core.h">
      <Filter>Header Files</Filter>
    </ClInclude>
    <ClInclude Include="..\..\\..\src\include\host-ext-draw.h">
      <Filter>Header Files</Filter>
    </ClInclude>
    <ClInclude Include="..\..\\..\src\include\host-ext-effect.h">
      <Filter>Header Files</Filter>
    </ClInclude>
    <ClInclude Include="..\..\\..\src\include\host-ext-graphics.h">
      <Filter>Header Files</Filter>
    </ClInclude>
    <ClInclude Include="..\..\\..\src\include\host-ext-shape.h">
      <Filter>Header Files</Filter>
    </ClInclude>
    <ClInclude Include="..\..\\..\src\include\host-ext-text.h">
      <Filter>Header Files</Filter>
    </ClInclude>
    <ClInclude Include="..\..\\..\src\include\host-init.h">
      <Filter>Header Files</Filter>
    </ClInclude>
    <ClInclude Include="..\..\\..\src\include\host-lib.h">
      <Filter>Header Files</Filter>
    </ClInclude>
    <ClInclude Include="..\..\\..\src\include\host-text-api.h">
      <Filter>Header Files</Filter>
    </ClInclude>
    <ClInclude Include="..\..\\..\src\include\host-view.h">
      <Filter>Header Files</Filter>
    </ClInclude>
    <ClInclude Include="..\..\\..\src\include\reb-args.h">
      <Filter>Header Files</Filter>
    </ClInclude>
    <ClInclude Include="..\..\\..\src\include\reb-c.h">
      <Filter>Header Files</Filter>
    </ClInclude>
    <ClInclude Include="..\..\\..\src\include\reb-codec.h">
      <Filter>Header Files</Filter>
    </ClInclude>
    <ClInclude Include="..\..\\..\src\include\reb-config.h">
      <Filter>Header Files</Filter>
    </ClInclude>
    <ClInclude Include="..\..\\..\src\include\reb-defs.h">
      <Filter>Header Files</Filter>
    </ClInclude>
    <ClInclude Include="..\..\\..\src\include\reb-device.h">
      <Filter>Header Files</Filter>
    </ClInclude>
    <ClInclude Include="..\..\\..\src\include\reb-dialect.h">
      <Filter>Header Files</Filter>
    </ClInclude>
    <ClInclude Include="..\..\\..\src\include\reb-dtoa.h">
      <Filter>Header Files</Filter>
    </ClInclude>
    <ClInclude Include="..\..\\..\src\include\reb-event.h">
      <Filter>Header Files</Filter>
    </ClInclude>
    <ClInclude Include="..\..\\..\src\include\reb-evtypes.h">
      <Filter>Header Files</Filter>
    </ClInclude>
    <ClInclude Include="..\..\\..\src\include\reb-ext.h">
      <Filter>Header Files</Filter>
    </ClInclude>
    <ClInclude Include="..\..\\..\src\include\reb-file.h">
      <Filter>Header Files</Filter>
    </ClInclude>
    <ClInclude Include="..\..\\..\src\include\reb-filereq.h">
      <Filter>Header Files</Filter>
    </ClInclude>
    <ClInclude Include="..\..\\..\src\include\reb-gob.h">
      <Filter>Header Files</Filter>
    </ClInclude>
    <ClInclude Include="..\..\\..\src\include\reb-host.h">
      <Filter>Header Files</Filter>
    </ClInclude>
    <ClInclude Include="..\..\\..\src\include\reb-lib-lib.h">
      <Filter>Header Files</Filter>
    </ClInclude>
    <ClInclude Include="..\..\\..\src\include\reb-lib.h">
      <Filter>Header Files</Filter>
    </ClInclude>
    <ClInclude Include="..\..\\..\src\include\reb-math.h">
      <Filter>Header Files</Filter>
    </ClInclude>
    <ClInclude Include="..\..\\..\src\include\reb-net.h">
      <Filter>Header Files</Filter>
    </ClInclude>
    <ClInclude Include="..\..\\..\src\include\reb-series.h">
      <Filter>Header Files</Filter>
    </ClInclude>
    <ClInclude Include="..\..\\..\src\include\reb-struct.h">
      <Filter>Header Files</Filter>
    </ClInclude>
    <ClInclude Include="..\..\\..\src\include\reb-types.h">
      <Filter>Header Files</Filter>
    </ClInclude>
    <ClInclude Include="..\..\\..\src\include\reb-value.h">
      <Filter>Header Files</Filter>
    </ClInclude>
    <ClInclude Include="..\..\\..\src\include\sys-core.h">
      <Filter>Header Files</Filter>
    </ClInclude>
    <ClInclude Include="..\..\\..\src\include\sys-dec-to-char.h">
      <Filter>Header Files</Filter>
    </ClInclude>
    <ClInclude Include="..\..\\..\src\include\sys-deci-funcs.h">
      <Filter>Header Files</Filter>
    </ClInclude>
    <ClInclude Include="..\..\\..\src\include\sys-deci.h">
      <Filter>Header Files</Filter>
    </ClInclude>
    <ClInclude Include="..\..\\..\src\include\sys-globals.h">
      <Filter>Header Files</Filter>
    </ClInclude>
    <ClInclude Include="..\..\\..\src\include\sys-int-funcs.h">
      <Filter>Header Files</Filter>
    </ClInclude>
    <ClInclude Include="..\..\\..\src\include\sys-jpg.h">
      <Filter>Header Files</Filter>
    </ClInclude>
    <ClInclude Include="..\..\\..\src\include\sys-mem.h">
      <Filter>Header Files</Filter>
    </ClInclude>
    <ClInclude Include="..\..\\..\src\include\sys-net.h">
      <Filter>Header Files</Filter>
    </ClInclude>
    <ClInclude Include="..\..\\..\src\include\sys-panics.h">
      <Filter>Header Files</Filter>
    </ClInclude>
    <ClInclude Include="..\..\\..\src\include\sys-scan.h">
      <Filter>Header Files</Filter>
    </ClInclude>
    <ClInclude Include="..\..\\..\src\include\sys-stack.h">
      <Filter>Header Files</Filter>
    </ClInclude>
    <ClInclude Include="..\..\\..\src\include\sys-state.h">
      <Filter>Header Files</Filter>
    </ClInclude>
    <ClInclude Include="..\..\\..\src\include\sys-value.h">
      <Filter>Header Files</Filter>
    </ClInclude>
    <ClInclude Include="..\..\\..\src\include\sys-zlib.h">
      <Filter>Header Files</Filter>
    </ClInclude>
    <ClInclude Include="..\..\\..\src\include\tmp-boot.h">
      <Filter>Header Files</Filter>
    </ClInclude>
    <ClInclude Include="..\..\\..\src\include\tmp-bootdefs.h">
      <Filter>Header Files</Filter>
    </ClInclude>
    <ClInclude Include="..\..\\..\src\include\tmp-comptypes.h">
      <Filter>Header Files</Filter>
    </ClInclude>
    <ClInclude Include="..\..\\..\src\include\tmp-errnums.h">
      <Filter>Header Files</Filter>
    </ClInclude>
    <ClInclude Include="..\..\\..\src\include\tmp-evaltypes.h">
      <Filter>Header Files</Filter>
    </ClInclude>
    <ClInclude Include="..\..\\..\src\include\tmp-exttypes.h">
      <Filter>Header Files</Filter>
    </ClInclude>
    <ClInclude Include="..\..\\..\src\include\tmp-funcargs.h">
      <Filter>Header Files</Filter>
    </ClInclude>
    <ClInclude Include="..\..\\..\src\include\tmp-funcs.h">
      <Filter>Header Files</Filter>
    </ClInclude>
    <ClInclude Include="..\..\\..\src\include\tmp-maketypes.h">
      <Filter>Header Files</Filter>
    </ClInclude>
    <ClInclude Include="..\..\\..\src\include\tmp-portmodes.h">
      <Filter>Header Files</Filter>
    </ClInclude>
    <ClInclude Include="..\..\\..\src\include\tmp-strings.h">
      <Filter>Header Files</Filter>
    </ClInclude>
    <ClInclude Include="..\..\\..\src\include\tmp-sysctx.h">
      <Filter>Header Files</Filter>
    </ClInclude>
    <ClInclude Include="..\..\\..\src\include\tmp-sysobj.h">
      <Filter>Header Files</Filter>
    </ClInclude>
  </ItemGroup>
</Project>